// !$*UTF8*$!
{
	archiveVersion = 1;
	classes = {
	};
	objectVersion = 55;
	objects = {

/* Begin PBXBuildFile section */
		A0946F9C29BA252900A81ACD /* AppDelegate.swift in Sources */ = {isa = PBXBuildFile; fileRef = A0946F9B29BA252900A81ACD /* AppDelegate.swift */; };
		A0946F9E29BA252900A81ACD /* SceneDelegate.swift in Sources */ = {isa = PBXBuildFile; fileRef = A0946F9D29BA252900A81ACD /* SceneDelegate.swift */; };
		A0946FA029BA252900A81ACD /* ViewController.swift in Sources */ = {isa = PBXBuildFile; fileRef = A0946F9F29BA252900A81ACD /* ViewController.swift */; };
		A0946FA329BA252900A81ACD /* Main.storyboard in Resources */ = {isa = PBXBuildFile; fileRef = A0946FA129BA252900A81ACD /* Main.storyboard */; };
		A0946FA529BA252A00A81ACD /* Assets.xcassets in Resources */ = {isa = PBXBuildFile; fileRef = A0946FA429BA252A00A81ACD /* Assets.xcassets */; };
		A0946FA829BA252A00A81ACD /* LaunchScreen.storyboard in Resources */ = {isa = PBXBuildFile; fileRef = A0946FA629BA252A00A81ACD /* LaunchScreen.storyboard */; };
		A0946FB329BA252A00A81ACD /* LearnSourceTreeTests.swift in Sources */ = {isa = PBXBuildFile; fileRef = A0946FB229BA252A00A81ACD /* LearnSourceTreeTests.swift */; };
		A0946FBD29BA252B00A81ACD /* LearnSourceTreeUITests.swift in Sources */ = {isa = PBXBuildFile; fileRef = A0946FBC29BA252B00A81ACD /* LearnSourceTreeUITests.swift */; };
		A0946FBF29BA252B00A81ACD /* LearnSourceTreeUITestsLaunchTests.swift in Sources */ = {isa = PBXBuildFile; fileRef = A0946FBE29BA252B00A81ACD /* LearnSourceTreeUITestsLaunchTests.swift */; };
/* End PBXBuildFile section */

/* Begin PBXContainerItemProxy section */
		A0946FAF29BA252A00A81ACD /* PBXContainerItemProxy */ = {
			isa = PBXContainerItemProxy;
			containerPortal = A0946F9029BA252900A81ACD /* Project object */;
			proxyType = 1;
			remoteGlobalIDString = A0946F9729BA252900A81ACD;
			remoteInfo = LearnSourceTree;
		};
		A0946FB929BA252B00A81ACD /* PBXContainerItemProxy */ = {
			isa = PBXContainerItemProxy;
			containerPortal = A0946F9029BA252900A81ACD /* Project object */;
			proxyType = 1;
			remoteGlobalIDString = A0946F9729BA252900A81ACD;
			remoteInfo = LearnSourceTree;
		};
/* End PBXContainerItemProxy section */

/* Begin PBXFileReference section */
		A0946F9829BA252900A81ACD /* LearnSourceTree.app */ = {isa = PBXFileReference; explicitFileType = wrapper.application; includeInIndex = 0; path = LearnSourceTree.app; sourceTree = BUILT_PRODUCTS_DIR; };
		A0946F9B29BA252900A81ACD /* AppDelegate.swift */ = {isa = PBXFileReference; lastKnownFileType = sourcecode.swift; path = AppDelegate.swift; sourceTree = "<group>"; };
		A0946F9D29BA252900A81ACD /* SceneDelegate.swift */ = {isa = PBXFileReference; lastKnownFileType = sourcecode.swift; path = SceneDelegate.swift; sourceTree = "<group>"; };
		A0946F9F29BA252900A81ACD /* ViewController.swift */ = {isa = PBXFileReference; lastKnownFileType = sourcecode.swift; path = ViewController.swift; sourceTree = "<group>"; };
		A0946FA229BA252900A81ACD /* Base */ = {isa = PBXFileReference; lastKnownFileType = file.storyboard; name = Base; path = Base.lproj/Main.storyboard; sourceTree = "<group>"; };
		A0946FA429BA252A00A81ACD /* Assets.xcassets */ = {isa = PBXFileReference; lastKnownFileType = folder.assetcatalog; path = Assets.xcassets; sourceTree = "<group>"; };
		A0946FA729BA252A00A81ACD /* Base */ = {isa = PBXFileReference; lastKnownFileType = file.storyboard; name = Base; path = Base.lproj/LaunchScreen.storyboard; sourceTree = "<group>"; };
		A0946FA929BA252A00A81ACD /* Info.plist */ = {isa = PBXFileReference; lastKnownFileType = text.plist.xml; path = Info.plist; sourceTree = "<group>"; };
		A0946FAE29BA252A00A81ACD /* LearnSourceTreeTests.xctest */ = {isa = PBXFileReference; explicitFileType = wrapper.cfbundle; includeInIndex = 0; path = LearnSourceTreeTests.xctest; sourceTree = BUILT_PRODUCTS_DIR; };
		A0946FB229BA252A00A81ACD /* LearnSourceTreeTests.swift */ = {isa = PBXFileReference; lastKnownFileType = sourcecode.swift; path = LearnSourceTreeTests.swift; sourceTree = "<group>"; };
		A0946FB829BA252B00A81ACD /* LearnSourceTreeUITests.xctest */ = {isa = PBXFileReference; explicitFileType = wrapper.cfbundle; includeInIndex = 0; path = LearnSourceTreeUITests.xctest; sourceTree = BUILT_PRODUCTS_DIR; };
		A0946FBC29BA252B00A81ACD /* LearnSourceTreeUITests.swift */ = {isa = PBXFileReference; lastKnownFileType = sourcecode.swift; path = LearnSourceTreeUITests.swift; sourceTree = "<group>"; };
		A0946FBE29BA252B00A81ACD /* LearnSourceTreeUITestsLaunchTests.swift */ = {isa = PBXFileReference; lastKnownFileType = sourcecode.swift; path = LearnSourceTreeUITestsLaunchTests.swift; sourceTree = "<group>"; };
/* End PBXFileReference section */

/* Begin PBXFrameworksBuildPhase section */
		A0946F9529BA252900A81ACD /* Frameworks */ = {
			isa = PBXFrameworksBuildPhase;
			buildActionMask = 2147483647;
			files = (
			);
			runOnlyForDeploymentPostprocessing = 0;
		};
		A0946FAB29BA252A00A81ACD /* Frameworks */ = {
			isa = PBXFrameworksBuildPhase;
			buildActionMask = 2147483647;
			files = (
			);
			runOnlyForDeploymentPostprocessing = 0;
		};
		A0946FB529BA252B00A81ACD /* Frameworks */ = {
			isa = PBXFrameworksBuildPhase;
			buildActionMask = 2147483647;
			files = (
			);
			runOnlyForDeploymentPostprocessing = 0;
		};
/* End PBXFrameworksBuildPhase section */

/* Begin PBXGroup section */
		A0946F8F29BA252900A81ACD = {
			isa = PBXGroup;
			children = (
				A0946F9A29BA252900A81ACD /* LearnSourceTree */,
				A0946FB129BA252A00A81ACD /* LearnSourceTreeTests */,
				A0946FBB29BA252B00A81ACD /* LearnSourceTreeUITests */,
				A0946F9929BA252900A81ACD /* Products */,
			);
			sourceTree = "<group>";
		};
		A0946F9929BA252900A81ACD /* Products */ = {
			isa = PBXGroup;
			children = (
				A0946F9829BA252900A81ACD /* LearnSourceTree.app */,
				A0946FAE29BA252A00A81ACD /* LearnSourceTreeTests.xctest */,
				A0946FB829BA252B00A81ACD /* LearnSourceTreeUITests.xctest */,
			);
			name = Products;
			sourceTree = "<group>";
		};
		A0946F9A29BA252900A81ACD /* LearnSourceTree */ = {
			isa = PBXGroup;
			children = (
				A0946F9B29BA252900A81ACD /* AppDelegate.swift */,
				A0946F9D29BA252900A81ACD /* SceneDelegate.swift */,
				A0946F9F29BA252900A81ACD /* ViewController.swift */,
				A0946FA129BA252900A81ACD /* Main.storyboard */,
				A0946FA429BA252A00A81ACD /* Assets.xcassets */,
				A0946FA629BA252A00A81ACD /* LaunchScreen.storyboard */,
				A0946FA929BA252A00A81ACD /* Info.plist */,
			);
			path = LearnSourceTree;
			sourceTree = "<group>";
		};
		A0946FB129BA252A00A81ACD /* LearnSourceTreeTests */ = {
			isa = PBXGroup;
			children = (
				A0946FB229BA252A00A81ACD /* LearnSourceTreeTests.swift */,
			);
			path = LearnSourceTreeTests;
			sourceTree = "<group>";
		};
		A0946FBB29BA252B00A81ACD /* LearnSourceTreeUITests */ = {
			isa = PBXGroup;
			children = (
				A0946FBC29BA252B00A81ACD /* LearnSourceTreeUITests.swift */,
				A0946FBE29BA252B00A81ACD /* LearnSourceTreeUITestsLaunchTests.swift */,
			);
			path = LearnSourceTreeUITests;
			sourceTree = "<group>";
		};
/* End PBXGroup section */

/* Begin PBXNativeTarget section */
		A0946F9729BA252900A81ACD /* LearnSourceTree */ = {
			isa = PBXNativeTarget;
			buildConfigurationList = A0946FC229BA252B00A81ACD /* Build configuration list for PBXNativeTarget "LearnSourceTree" */;
			buildPhases = (
				A0946F9429BA252900A81ACD /* Sources */,
				A0946F9529BA252900A81ACD /* Frameworks */,
				A0946F9629BA252900A81ACD /* Resources */,
			);
			buildRules = (
			);
			dependencies = (
			);
			name = LearnSourceTree;
			productName = LearnSourceTree;
			productReference = A0946F9829BA252900A81ACD /* LearnSourceTree.app */;
			productType = "com.apple.product-type.application";
		};
		A0946FAD29BA252A00A81ACD /* LearnSourceTreeTests */ = {
			isa = PBXNativeTarget;
			buildConfigurationList = A0946FC529BA252B00A81ACD /* Build configuration list for PBXNativeTarget "LearnSourceTreeTests" */;
			buildPhases = (
				A0946FAA29BA252A00A81ACD /* Sources */,
				A0946FAB29BA252A00A81ACD /* Frameworks */,
				A0946FAC29BA252A00A81ACD /* Resources */,
			);
			buildRules = (
			);
			dependencies = (
				A0946FB029BA252A00A81ACD /* PBXTargetDependency */,
			);
			name = LearnSourceTreeTests;
			productName = LearnSourceTreeTests;
			productReference = A0946FAE29BA252A00A81ACD /* LearnSourceTreeTests.xctest */;
			productType = "com.apple.product-type.bundle.unit-test";
		};
		A0946FB729BA252B00A81ACD /* LearnSourceTreeUITests */ = {
			isa = PBXNativeTarget;
			buildConfigurationList = A0946FC829BA252B00A81ACD /* Build configuration list for PBXNativeTarget "LearnSourceTreeUITests" */;
			buildPhases = (
				A0946FB429BA252B00A81ACD /* Sources */,
				A0946FB529BA252B00A81ACD /* Frameworks */,
				A0946FB629BA252B00A81ACD /* Resources */,
			);
			buildRules = (
			);
			dependencies = (
				A0946FBA29BA252B00A81ACD /* PBXTargetDependency */,
			);
			name = LearnSourceTreeUITests;
			productName = LearnSourceTreeUITests;
			productReference = A0946FB829BA252B00A81ACD /* LearnSourceTreeUITests.xctest */;
			productType = "com.apple.product-type.bundle.ui-testing";
		};
/* End PBXNativeTarget section */

/* Begin PBXProject section */
		A0946F9029BA252900A81ACD /* Project object */ = {
			isa = PBXProject;
			attributes = {
				BuildIndependentTargetsInParallel = 1;
				LastSwiftUpdateCheck = 1320;
				LastUpgradeCheck = 1320;
				TargetAttributes = {
					A0946F9729BA252900A81ACD = {
						CreatedOnToolsVersion = 13.2.1;
					};
					A0946FAD29BA252A00A81ACD = {
						CreatedOnToolsVersion = 13.2.1;
						TestTargetID = A0946F9729BA252900A81ACD;
					};
					A0946FB729BA252B00A81ACD = {
						CreatedOnToolsVersion = 13.2.1;
						TestTargetID = A0946F9729BA252900A81ACD;
					};
				};
			};
			buildConfigurationList = A0946F9329BA252900A81ACD /* Build configuration list for PBXProject "LearnSourceTree" */;
			compatibilityVersion = "Xcode 13.0";
			developmentRegion = en;
			hasScannedForEncodings = 0;
			knownRegions = (
				en,
				Base,
			);
			mainGroup = A0946F8F29BA252900A81ACD;
			productRefGroup = A0946F9929BA252900A81ACD /* Products */;
			projectDirPath = "";
			projectRoot = "";
			targets = (
				A0946F9729BA252900A81ACD /* LearnSourceTree */,
				A0946FAD29BA252A00A81ACD /* LearnSourceTreeTests */,
				A0946FB729BA252B00A81ACD /* LearnSourceTreeUITests */,
			);
		};
/* End PBXProject section */

/* Begin PBXResourcesBuildPhase section */
		A0946F9629BA252900A81ACD /* Resources */ = {
			isa = PBXResourcesBuildPhase;
			buildActionMask = 2147483647;
			files = (
				A0946FA829BA252A00A81ACD /* LaunchScreen.storyboard in Resources */,
				A0946FA529BA252A00A81ACD /* Assets.xcassets in Resources */,
				A0946FA329BA252900A81ACD /* Main.storyboard in Resources */,
			);
			runOnlyForDeploymentPostprocessing = 0;
		};
		A0946FAC29BA252A00A81ACD /* Resources */ = {
			isa = PBXResourcesBuildPhase;
			buildActionMask = 2147483647;
			files = (
			);
			runOnlyForDeploymentPostprocessing = 0;
		};
		A0946FB629BA252B00A81ACD /* Resources */ = {
			isa = PBXResourcesBuildPhase;
			buildActionMask = 2147483647;
			files = (
			);
			runOnlyForDeploymentPostprocessing = 0;
		};
/* End PBXResourcesBuildPhase section */

/* Begin PBXSourcesBuildPhase section */
		A0946F9429BA252900A81ACD /* Sources */ = {
			isa = PBXSourcesBuildPhase;
			buildActionMask = 2147483647;
			files = (
				A0946FA029BA252900A81ACD /* ViewController.swift in Sources */,
				A0946F9C29BA252900A81ACD /* AppDelegate.swift in Sources */,
				A0946F9E29BA252900A81ACD /* SceneDelegate.swift in Sources */,
			);
			runOnlyForDeploymentPostprocessing = 0;
		};
		A0946FAA29BA252A00A81ACD /* Sources */ = {
			isa = PBXSourcesBuildPhase;
			buildActionMask = 2147483647;
			files = (
				A0946FB329BA252A00A81ACD /* LearnSourceTreeTests.swift in Sources */,
			);
			runOnlyForDeploymentPostprocessing = 0;
		};
		A0946FB429BA252B00A81ACD /* Sources */ = {
			isa = PBXSourcesBuildPhase;
			buildActionMask = 2147483647;
			files = (
				A0946FBF29BA252B00A81ACD /* LearnSourceTreeUITestsLaunchTests.swift in Sources */,
				A0946FBD29BA252B00A81ACD /* LearnSourceTreeUITests.swift in Sources */,
			);
			runOnlyForDeploymentPostprocessing = 0;
		};
/* End PBXSourcesBuildPhase section */

/* Begin PBXTargetDependency section */
		A0946FB029BA252A00A81ACD /* PBXTargetDependency */ = {
			isa = PBXTargetDependency;
			target = A0946F9729BA252900A81ACD /* LearnSourceTree */;
			targetProxy = A0946FAF29BA252A00A81ACD /* PBXContainerItemProxy */;
		};
		A0946FBA29BA252B00A81ACD /* PBXTargetDependency */ = {
			isa = PBXTargetDependency;
			target = A0946F9729BA252900A81ACD /* LearnSourceTree */;
			targetProxy = A0946FB929BA252B00A81ACD /* PBXContainerItemProxy */;
		};
/* End PBXTargetDependency section */

/* Begin PBXVariantGroup section */
		A0946FA129BA252900A81ACD /* Main.storyboard */ = {
			isa = PBXVariantGroup;
			children = (
				A0946FA229BA252900A81ACD /* Base */,
			);
			name = Main.storyboard;
			sourceTree = "<group>";
		};
		A0946FA629BA252A00A81ACD /* LaunchScreen.storyboard */ = {
			isa = PBXVariantGroup;
			children = (
				A0946FA729BA252A00A81ACD /* Base */,
			);
			name = LaunchScreen.storyboard;
			sourceTree = "<group>";
		};
/* End PBXVariantGroup section */

/* Begin XCBuildConfiguration section */
		A0946FC029BA252B00A81ACD /* Debug */ = {
			isa = XCBuildConfiguration;
			buildSettings = {
				ALWAYS_SEARCH_USER_PATHS = NO;
				CLANG_ANALYZER_NONNULL = YES;
				CLANG_ANALYZER_NUMBER_OBJECT_CONVERSION = YES_AGGRESSIVE;
				CLANG_CXX_LANGUAGE_STANDARD = "gnu++17";
				CLANG_CXX_LIBRARY = "libc++";
				CLANG_ENABLE_MODULES = YES;
				CLANG_ENABLE_OBJC_ARC = YES;
				CLANG_ENABLE_OBJC_WEAK = YES;
				CLANG_WARN_BLOCK_CAPTURE_AUTORELEASING = YES;
				CLANG_WARN_BOOL_CONVERSION = YES;
				CLANG_WARN_COMMA = YES;
				CLANG_WARN_CONSTANT_CONVERSION = YES;
				CLANG_WARN_DEPRECATED_OBJC_IMPLEMENTATIONS = YES;
				CLANG_WARN_DIRECT_OBJC_ISA_USAGE = YES_ERROR;
				CLANG_WARN_DOCUMENTATION_COMMENTS = YES;
				CLANG_WARN_EMPTY_BODY = YES;
				CLANG_WARN_ENUM_CONVERSION = YES;
				CLANG_WARN_INFINITE_RECURSION = YES;
				CLANG_WARN_INT_CONVERSION = YES;
				CLANG_WARN_NON_LITERAL_NULL_CONVERSION = YES;
				CLANG_WARN_OBJC_IMPLICIT_RETAIN_SELF = YES;
				CLANG_WARN_OBJC_LITERAL_CONVERSION = YES;
				CLANG_WARN_OBJC_ROOT_CLASS = YES_ERROR;
				CLANG_WARN_QUOTED_INCLUDE_IN_FRAMEWORK_HEADER = YES;
				CLANG_WARN_RANGE_LOOP_ANALYSIS = YES;
				CLANG_WARN_STRICT_PROTOTYPES = YES;
				CLANG_WARN_SUSPICIOUS_MOVE = YES;
				CLANG_WARN_UNGUARDED_AVAILABILITY = YES_AGGRESSIVE;
				CLANG_WARN_UNREACHABLE_CODE = YES;
				CLANG_WARN__DUPLICATE_METHOD_MATCH = YES;
				COPY_PHASE_STRIP = NO;
				DEBUG_INFORMATION_FORMAT = dwarf;
				ENABLE_STRICT_OBJC_MSGSEND = YES;
				ENABLE_TESTABILITY = YES;
				GCC_C_LANGUAGE_STANDARD = gnu11;
				GCC_DYNAMIC_NO_PIC = NO;
				GCC_NO_COMMON_BLOCKS = YES;
				GCC_OPTIMIZATION_LEVEL = 0;
				GCC_PREPROCESSOR_DEFINITIONS = (
					"DEBUG=1",
					"$(inherited)",
				);
				GCC_WARN_64_TO_32_BIT_CONVERSION = YES;
				GCC_WARN_ABOUT_RETURN_TYPE = YES_ERROR;
				GCC_WARN_UNDECLARED_SELECTOR = YES;
				GCC_WARN_UNINITIALIZED_AUTOS = YES_AGGRESSIVE;
				GCC_WARN_UNUSED_FUNCTION = YES;
				GCC_WARN_UNUSED_VARIABLE = YES;
				IPHONEOS_DEPLOYMENT_TARGET = 15.2;
				MTL_ENABLE_DEBUG_INFO = INCLUDE_SOURCE;
				MTL_FAST_MATH = YES;
				ONLY_ACTIVE_ARCH = YES;
				SDKROOT = iphoneos;
				SWIFT_ACTIVE_COMPILATION_CONDITIONS = DEBUG;
				SWIFT_OPTIMIZATION_LEVEL = "-Onone";
			};
			name = Debug;
		};
		A0946FC129BA252B00A81ACD /* Release */ = {
			isa = XCBuildConfiguration;
			buildSettings = {
				ALWAYS_SEARCH_USER_PATHS = NO;
				CLANG_ANALYZER_NONNULL = YES;
				CLANG_ANALYZER_NUMBER_OBJECT_CONVERSION = YES_AGGRESSIVE;
				CLANG_CXX_LANGUAGE_STANDARD = "gnu++17";
				CLANG_CXX_LIBRARY = "libc++";
				CLANG_ENABLE_MODULES = YES;
				CLANG_ENABLE_OBJC_ARC = YES;
				CLANG_ENABLE_OBJC_WEAK = YES;
				CLANG_WARN_BLOCK_CAPTURE_AUTORELEASING = YES;
				CLANG_WARN_BOOL_CONVERSION = YES;
				CLANG_WARN_COMMA = YES;
				CLANG_WARN_CONSTANT_CONVERSION = YES;
				CLANG_WARN_DEPRECATED_OBJC_IMPLEMENTATIONS = YES;
				CLANG_WARN_DIRECT_OBJC_ISA_USAGE = YES_ERROR;
				CLANG_WARN_DOCUMENTATION_COMMENTS = YES;
				CLANG_WARN_EMPTY_BODY = YES;
				CLANG_WARN_ENUM_CONVERSION = YES;
				CLANG_WARN_INFINITE_RECURSION = YES;
				CLANG_WARN_INT_CONVERSION = YES;
				CLANG_WARN_NON_LITERAL_NULL_CONVERSION = YES;
				CLANG_WARN_OBJC_IMPLICIT_RETAIN_SELF = YES;
				CLANG_WARN_OBJC_LITERAL_CONVERSION = YES;
				CLANG_WARN_OBJC_ROOT_CLASS = YES_ERROR;
				CLANG_WARN_QUOTED_INCLUDE_IN_FRAMEWORK_HEADER = YES;
				CLANG_WARN_RANGE_LOOP_ANALYSIS = YES;
				CLANG_WARN_STRICT_PROTOTYPES = YES;
				CLANG_WARN_SUSPICIOUS_MOVE = YES;
				CLANG_WARN_UNGUARDED_AVAILABILITY = YES_AGGRESSIVE;
				CLANG_WARN_UNREACHABLE_CODE = YES;
				CLANG_WARN__DUPLICATE_METHOD_MATCH = YES;
				COPY_PHASE_STRIP = NO;
				DEBUG_INFORMATION_FORMAT = "dwarf-with-dsym";
				ENABLE_NS_ASSERTIONS = NO;
				ENABLE_STRICT_OBJC_MSGSEND = YES;
				GCC_C_LANGUAGE_STANDARD = gnu11;
				GCC_NO_COMMON_BLOCKS = YES;
				GCC_WARN_64_TO_32_BIT_CONVERSION = YES;
				GCC_WARN_ABOUT_RETURN_TYPE = YES_ERROR;
				GCC_WARN_UNDECLARED_SELECTOR = YES;
				GCC_WARN_UNINITIALIZED_AUTOS = YES_AGGRESSIVE;
				GCC_WARN_UNUSED_FUNCTION = YES;
				GCC_WARN_UNUSED_VARIABLE = YES;
				IPHONEOS_DEPLOYMENT_TARGET = 15.2;
				MTL_ENABLE_DEBUG_INFO = NO;
				MTL_FAST_MATH = YES;
				SDKROOT = iphoneos;
				SWIFT_COMPILATION_MODE = wholemodule;
				SWIFT_OPTIMIZATION_LEVEL = "-O";
				VALIDATE_PRODUCT = YES;
			};
			name = Release;
		};
		A0946FC329BA252B00A81ACD /* Debug */ = {
			isa = XCBuildConfiguration;
			buildSettings = {
				ASSETCATALOG_COMPILER_APPICON_NAME = AppIcon;
				ASSETCATALOG_COMPILER_GLOBAL_ACCENT_COLOR_NAME = AccentColor;
				CODE_SIGN_STYLE = Automatic;
				CURRENT_PROJECT_VERSION = 1;
				DEVELOPMENT_TEAM = SHJH7APLX8;
				GENERATE_INFOPLIST_FILE = YES;
				INFOPLIST_FILE = LearnSourceTree/Info.plist;
				INFOPLIST_KEY_UIApplicationSupportsIndirectInputEvents = YES;
				INFOPLIST_KEY_UILaunchStoryboardName = LaunchScreen;
				INFOPLIST_KEY_UIMainStoryboardFile = Main;
				INFOPLIST_KEY_UISupportedInterfaceOrientations_iPad = "UIInterfaceOrientationPortrait UIInterfaceOrientationPortraitUpsideDown UIInterfaceOrientationLandscapeLeft UIInterfaceOrientationLandscapeRight";
				INFOPLIST_KEY_UISupportedInterfaceOrientations_iPhone = "UIInterfaceOrientationPortrait UIInterfaceOrientationLandscapeLeft UIInterfaceOrientationLandscapeRight";
				LD_RUNPATH_SEARCH_PATHS = (
					"$(inherited)",
					"@executable_path/Frameworks",
				);
				MARKETING_VERSION = 1.0;
				PRODUCT_BUNDLE_IDENTIFIER = com.putri.LearnSourceTree;
				PRODUCT_NAME = "$(TARGET_NAME)";
				SWIFT_EMIT_LOC_STRINGS = YES;
				SWIFT_VERSION = 5.0;
				TARGETED_DEVICE_FAMILY = "1,2";
			};
			name = Debug;
		};
		A0946FC429BA252B00A81ACD /* Release */ = {
			isa = XCBuildConfiguration;
			buildSettings = {
				ASSETCATALOG_COMPILER_APPICON_NAME = AppIcon;
				ASSETCATALOG_COMPILER_GLOBAL_ACCENT_COLOR_NAME = AccentColor;
				CODE_SIGN_STYLE = Automatic;
				CURRENT_PROJECT_VERSION = 1;
				DEVELOPMENT_TEAM = SHJH7APLX8;
				GENERATE_INFOPLIST_FILE = YES;
				INFOPLIST_FILE = LearnSourceTree/Info.plist;
				INFOPLIST_KEY_UIApplicationSupportsIndirectInputEvents = YES;
				INFOPLIST_KEY_UILaunchStoryboardName = LaunchScreen;
				INFOPLIST_KEY_UIMainStoryboardFile = Main;
				INFOPLIST_KEY_UISupportedInterfaceOrientations_iPad = "UIInterfaceOrientationPortrait UIInterfaceOrientationPortraitUpsideDown UIInterfaceOrientationLandscapeLeft UIInterfaceOrientationLandscapeRight";
				INFOPLIST_KEY_UISupportedInterfaceOrientations_iPhone = "UIInterfaceOrientationPortrait UIInterfaceOrientationLandscapeLeft UIInterfaceOrientationLandscapeRight";
				LD_RUNPATH_SEARCH_PATHS = (
					"$(inherited)",
					"@executable_path/Frameworks",
				);
				MARKETING_VERSION = 1.0;
				PRODUCT_BUNDLE_IDENTIFIER = com.putri.LearnSourceTree;
				PRODUCT_NAME = "$(TARGET_NAME)";
				SWIFT_EMIT_LOC_STRINGS = YES;
				SWIFT_VERSION = 5.0;
				TARGETED_DEVICE_FAMILY = "1,2";
			};
			name = Release;
		};
		A0946FC629BA252B00A81ACD /* Debug */ = {
			isa = XCBuildConfiguration;
			buildSettings = {
				ALWAYS_EMBED_SWIFT_STANDARD_LIBRARIES = YES;
				BUNDLE_LOADER = "$(TEST_HOST)";
				CODE_SIGN_STYLE = Automatic;
				CURRENT_PROJECT_VERSION = 1;
				DEVELOPMENT_TEAM = SHJH7APLX8;
				GENERATE_INFOPLIST_FILE = YES;
				IPHONEOS_DEPLOYMENT_TARGET = 15.2;
				MARKETING_VERSION = 1.0;
				PRODUCT_BUNDLE_IDENTIFIER = com.putri.LearnSourceTreeTests;
				PRODUCT_NAME = "$(TARGET_NAME)";
				SWIFT_EMIT_LOC_STRINGS = NO;
				SWIFT_VERSION = 5.0;
				TARGETED_DEVICE_FAMILY = "1,2";
				TEST_HOST = "$(BUILT_PRODUCTS_DIR)/LearnSourceTree.app/LearnSourceTree";
			};
			name = Debug;
		};
		A0946FC729BA252B00A81ACD /* Release */ = {
			isa = XCBuildConfiguration;
			buildSettings = {
				ALWAYS_EMBED_SWIFT_STANDARD_LIBRARIES = YES;
				BUNDLE_LOADER = "$(TEST_HOST)";
				CODE_SIGN_STYLE = Automatic;
				CURRENT_PROJECT_VERSION = 1;
				DEVELOPMENT_TEAM = SHJH7APLX8;
				GENERATE_INFOPLIST_FILE = YES;
				IPHONEOS_DEPLOYMENT_TARGET = 15.2;
				MARKETING_VERSION = 1.0;
				PRODUCT_BUNDLE_IDENTIFIER = com.putri.LearnSourceTreeTests;
				PRODUCT_NAME = "$(TARGET_NAME)";
				SWIFT_EMIT_LOC_STRINGS = NO;
				SWIFT_VERSION = 5.0;
				TARGETED_DEVICE_FAMILY = "1,2";
				TEST_HOST = "$(BUILT_PRODUCTS_DIR)/LearnSourceTree.app/LearnSourceTree";
			};
			name = Release;
		};
		A0946FC929BA252B00A81ACD /* Debug */ = {
			isa = XCBuildConfiguration;
			buildSettings = {
				ALWAYS_EMBED_SWIFT_STANDARD_LIBRARIES = YES;
				CODE_SIGN_STYLE = Automatic;
				CURRENT_PROJECT_VERSION = 1;
				DEVELOPMENT_TEAM = SHJH7APLX8;
				GENERATE_INFOPLIST_FILE = YES;
				MARKETING_VERSION = 1.0;
				PRODUCT_BUNDLE_IDENTIFIER = com.putri.LearnSourceTreeUITests;
				PRODUCT_NAME = "$(TARGET_NAME)";
				SWIFT_EMIT_LOC_STRINGS = NO;
				SWIFT_VERSION = 5.0;
				TARGETED_DEVICE_FAMILY = "1,2";
				TEST_TARGET_NAME = LearnSourceTree;
			};
			name = Debug;
		};
		A0946FCA29BA252B00A81ACD /* Release */ = {
			isa = XCBuildConfiguration;
			buildSettings = {
				ALWAYS_EMBED_SWIFT_STANDARD_LIBRARIES = YES;
				CODE_SIGN_STYLE = Automatic;
				CURRENT_PROJECT_VERSION = 1;
				DEVELOPMENT_TEAM = SHJH7APLX8;
				GENERATE_INFOPLIST_FILE = YES;
				MARKETING_VERSION = 1.0;
				PRODUCT_BUNDLE_IDENTIFIER = com.putri.LearnSourceTreeUITests;
				PRODUCT_NAME = "$(TARGET_NAME)";
				SWIFT_EMIT_LOC_STRINGS = NO;
				SWIFT_VERSION = 5.0;
				TARGETED_DEVICE_FAMILY = "1,2";
				TEST_TARGET_NAME = LearnSourceTree;
			};
			name = Release;
		};
/* End XCBuildConfiguration section */

/* Begin XCConfigurationList section */
		A0946F9329BA252900A81ACD /* Build configuration list for PBXProject "LearnSourceTree" */ = {
			isa = XCConfigurationList;
			buildConfigurations = (
				A0946FC029BA252B00A81ACD /* Debug */,
				A0946FC129BA252B00A81ACD /* Release */,
			);
			defaultConfigurationIsVisible = 0;
			defaultConfigurationName = Release;
		};
		A0946FC229BA252B00A81ACD /* Build configuration list for PBXNativeTarget "LearnSourceTree" */ = {
			isa = XCConfigurationList;
			buildConfigurations = (
				A0946FC329BA252B00A81ACD /* Debug */,
				A0946FC429BA252B00A81ACD /* Release */,
			);
			defaultConfigurationIsVisible = 0;
			defaultConfigurationName = Release;
		};
		A0946FC529BA252B00A81ACD /* Build configuration list for PBXNativeTarget "LearnSourceTreeTests" */ = {
			isa = XCConfigurationList;
			buildConfigurations = (
				A0946FC629BA252B00A81ACD /* Debug */,
				A0946FC729BA252B00A81ACD /* Release */,
			);
			defaultConfigurationIsVisible = 0;
			defaultConfigurationName = Release;
		};
		A0946FC829BA252B00A81ACD /* Build configuration list for PBXNativeTarget "LearnSourceTreeUITests" */ = {
			isa = XCConfigurationList;
			buildConfigurations = (
				A0946FC929BA252B00A81ACD /* Debug */,
				A0946FCA29BA252B00A81ACD /* Release */,
			);
			defaultConfigurationIsVisible = 0;
			defaultConfigurationName = Release;
		};
/* End XCConfigurationList section */
	};
	rootObject = A0946F9029BA252900A81ACD /* Project object */;
}
